// !$*UTF8*$!
{
	archiveVersion = 1;
	classes = {
	};
	objectVersion = 48;
	objects = {

/* Begin PBXBuildFile section */
		15285286BCF7ACDF42983597 /* Pods_FilmRollsMVVM.framework in Frameworks */ = {isa = PBXBuildFile; fileRef = 6734CC8F6A6136818DE54E42 /* Pods_FilmRollsMVVM.framework */; };
		E41F60161FE98E0C00B767F6 /* FilmRollsDataSource.swift in Sources */ = {isa = PBXBuildFile; fileRef = E41F60151FE98E0C00B767F6 /* FilmRollsDataSource.swift */; };
		E435F82A1FE8A61D00F19016 /* AppDelegate.swift in Sources */ = {isa = PBXBuildFile; fileRef = E435F8291FE8A61D00F19016 /* AppDelegate.swift */; };
		E435F82C1FE8A61D00F19016 /* FilmRollsTableViewController.swift in Sources */ = {isa = PBXBuildFile; fileRef = E435F82B1FE8A61D00F19016 /* FilmRollsTableViewController.swift */; };
		E435F82F1FE8A61D00F19016 /* Main.storyboard in Resources */ = {isa = PBXBuildFile; fileRef = E435F82D1FE8A61D00F19016 /* Main.storyboard */; };
		E435F8311FE8A61D00F19016 /* Assets.xcassets in Resources */ = {isa = PBXBuildFile; fileRef = E435F8301FE8A61D00F19016 /* Assets.xcassets */; };
		E435F8341FE8A61D00F19016 /* LaunchScreen.storyboard in Resources */ = {isa = PBXBuildFile; fileRef = E435F8321FE8A61D00F19016 /* LaunchScreen.storyboard */; };
		E435F83F1FE8A72A00F19016 /* FilmRoll.swift in Sources */ = {isa = PBXBuildFile; fileRef = E435F83E1FE8A72A00F19016 /* FilmRoll.swift */; };
		E435F8411FE8AC0D00F19016 /* FilmRollCellViewModel.swift in Sources */ = {isa = PBXBuildFile; fileRef = E435F8401FE8AC0D00F19016 /* FilmRollCellViewModel.swift */; };
		E435F8431FE8ADD200F19016 /* FilmRollCell.swift in Sources */ = {isa = PBXBuildFile; fileRef = E435F8421FE8ADD200F19016 /* FilmRollCell.swift */; };
		E435F8461FE8AEB200F19016 /* CellIdentifiable.swift in Sources */ = {isa = PBXBuildFile; fileRef = E435F8451FE8AEB200F19016 /* CellIdentifiable.swift */; };
		E498FB841FE9932400CAC047 /* AddFilmRollController.swift in Sources */ = {isa = PBXBuildFile; fileRef = E498FB831FE9932400CAC047 /* AddFilmRollController.swift */; };
		E498FB871FE99D1D00CAC047 /* Date+Extensions.swift in Sources */ = {isa = PBXBuildFile; fileRef = E498FB861FE99D1D00CAC047 /* Date+Extensions.swift */; };
		E498FB911FEA104B00CAC047 /* AddFilmRollViewModel.swift in Sources */ = {isa = PBXBuildFile; fileRef = E498FB901FEA104B00CAC047 /* AddFilmRollViewModel.swift */; };
		E498FB931FEA176E00CAC047 /* UIViewController+Extensions.swift in Sources */ = {isa = PBXBuildFile; fileRef = E498FB921FEA176E00CAC047 /* UIViewController+Extensions.swift */; };
/* End PBXBuildFile section */

/* Begin PBXFileReference section */
		1E958774E7A7CF27F6B7532E /* Pods-FilmRollsMVVM.release.xcconfig */ = {isa = PBXFileReference; includeInIndex = 1; lastKnownFileType = text.xcconfig; name = "Pods-FilmRollsMVVM.release.xcconfig"; path = "Pods/Target Support Files/Pods-FilmRollsMVVM/Pods-FilmRollsMVVM.release.xcconfig"; sourceTree = "<group>"; };
		6734CC8F6A6136818DE54E42 /* Pods_FilmRollsMVVM.framework */ = {isa = PBXFileReference; explicitFileType = wrapper.framework; includeInIndex = 0; path = Pods_FilmRollsMVVM.framework; sourceTree = BUILT_PRODUCTS_DIR; };
		6D81044FE6A8BFE5307411FB /* Pods-FilmRollsMVVM.debug.xcconfig */ = {isa = PBXFileReference; includeInIndex = 1; lastKnownFileType = text.xcconfig; name = "Pods-FilmRollsMVVM.debug.xcconfig"; path = "Pods/Target Support Files/Pods-FilmRollsMVVM/Pods-FilmRollsMVVM.debug.xcconfig"; sourceTree = "<group>"; };
		E41F60151FE98E0C00B767F6 /* FilmRollsDataSource.swift */ = {isa = PBXFileReference; lastKnownFileType = sourcecode.swift; path = FilmRollsDataSource.swift; sourceTree = "<group>"; };
		E435F8261FE8A61D00F19016 /* FilmRollsMVVM.app */ = {isa = PBXFileReference; explicitFileType = wrapper.application; includeInIndex = 0; path = FilmRollsMVVM.app; sourceTree = BUILT_PRODUCTS_DIR; };
		E435F8291FE8A61D00F19016 /* AppDelegate.swift */ = {isa = PBXFileReference; lastKnownFileType = sourcecode.swift; path = AppDelegate.swift; sourceTree = "<group>"; };
		E435F82B1FE8A61D00F19016 /* FilmRollsTableViewController.swift */ = {isa = PBXFileReference; lastKnownFileType = sourcecode.swift; path = FilmRollsTableViewController.swift; sourceTree = "<group>"; };
		E435F82E1FE8A61D00F19016 /* Base */ = {isa = PBXFileReference; lastKnownFileType = file.storyboard; name = Base; path = Base.lproj/Main.storyboard; sourceTree = "<group>"; };
		E435F8301FE8A61D00F19016 /* Assets.xcassets */ = {isa = PBXFileReference; lastKnownFileType = folder.assetcatalog; path = Assets.xcassets; sourceTree = "<group>"; };
		E435F8331FE8A61D00F19016 /* Base */ = {isa = PBXFileReference; lastKnownFileType = file.storyboard; name = Base; path = Base.lproj/LaunchScreen.storyboard; sourceTree = "<group>"; };
		E435F8351FE8A61D00F19016 /* Info.plist */ = {isa = PBXFileReference; lastKnownFileType = text.plist.xml; path = Info.plist; sourceTree = "<group>"; };
		E435F83E1FE8A72A00F19016 /* FilmRoll.swift */ = {isa = PBXFileReference; lastKnownFileType = sourcecode.swift; path = FilmRoll.swift; sourceTree = "<group>"; };
		E435F8401FE8AC0D00F19016 /* FilmRollCellViewModel.swift */ = {isa = PBXFileReference; lastKnownFileType = sourcecode.swift; path = FilmRollCellViewModel.swift; sourceTree = "<group>"; };
		E435F8421FE8ADD200F19016 /* FilmRollCell.swift */ = {isa = PBXFileReference; lastKnownFileType = sourcecode.swift; path = FilmRollCell.swift; sourceTree = "<group>"; };
		E435F8451FE8AEB200F19016 /* CellIdentifiable.swift */ = {isa = PBXFileReference; lastKnownFileType = sourcecode.swift; path = CellIdentifiable.swift; sourceTree = "<group>"; };
		E498FB831FE9932400CAC047 /* AddFilmRollController.swift */ = {isa = PBXFileReference; lastKnownFileType = sourcecode.swift; path = AddFilmRollController.swift; sourceTree = "<group>"; };
		E498FB861FE99D1D00CAC047 /* Date+Extensions.swift */ = {isa = PBXFileReference; lastKnownFileType = sourcecode.swift; path = "Date+Extensions.swift"; sourceTree = "<group>"; };
		E498FB901FEA104B00CAC047 /* AddFilmRollViewModel.swift */ = {isa = PBXFileReference; lastKnownFileType = sourcecode.swift; path = AddFilmRollViewModel.swift; sourceTree = "<group>"; };
		E498FB921FEA176E00CAC047 /* UIViewController+Extensions.swift */ = {isa = PBXFileReference; lastKnownFileType = sourcecode.swift; path = "UIViewController+Extensions.swift"; sourceTree = "<group>"; };
/* End PBXFileReference section */

/* Begin PBXFrameworksBuildPhase section */
		E435F8231FE8A61D00F19016 /* Frameworks */ = {
			isa = PBXFrameworksBuildPhase;
			buildActionMask = 2147483647;
			files = (
				15285286BCF7ACDF42983597 /* Pods_FilmRollsMVVM.framework in Frameworks */,
			);
			runOnlyForDeploymentPostprocessing = 0;
		};
/* End PBXFrameworksBuildPhase section */

/* Begin PBXGroup section */
		0C83EA197AFABE8B7CEFCDEB /* Frameworks */ = {
			isa = PBXGroup;
			children = (
				6734CC8F6A6136818DE54E42 /* Pods_FilmRollsMVVM.framework */,
			);
			name = Frameworks;
			sourceTree = "<group>";
		};
		9AE2CC293369EC52BE5BA18B /* Pods */ = {
			isa = PBXGroup;
			children = (
				6D81044FE6A8BFE5307411FB /* Pods-FilmRollsMVVM.debug.xcconfig */,
				1E958774E7A7CF27F6B7532E /* Pods-FilmRollsMVVM.release.xcconfig */,
			);
			name = Pods;
			sourceTree = "<group>";
		};
		E41F60171FE990FB00B767F6 /* Data Source */ = {
			isa = PBXGroup;
			children = (
				E41F60151FE98E0C00B767F6 /* FilmRollsDataSource.swift */,
			);
			path = "Data Source";
			sourceTree = "<group>";
		};
		E435F81D1FE8A61D00F19016 = {
			isa = PBXGroup;
			children = (
				E435F8281FE8A61D00F19016 /* FilmRollsMVVM */,
				E435F8271FE8A61D00F19016 /* Products */,
				9AE2CC293369EC52BE5BA18B /* Pods */,
				0C83EA197AFABE8B7CEFCDEB /* Frameworks */,
			);
			sourceTree = "<group>";
		};
		E435F8271FE8A61D00F19016 /* Products */ = {
			isa = PBXGroup;
			children = (
				E435F8261FE8A61D00F19016 /* FilmRollsMVVM.app */,
			);
			name = Products;
			sourceTree = "<group>";
		};
		E435F8281FE8A61D00F19016 /* FilmRollsMVVM */ = {
			isa = PBXGroup;
			children = (
				E435F8291FE8A61D00F19016 /* AppDelegate.swift */,
				E435F83B1FE8A66C00F19016 /* Controllers */,
				E435F83D1FE8A67900F19016 /* ViewModels */,
				E435F8471FE8AFA300F19016 /* Views */,
				E435F83C1FE8A67300F19016 /* Models */,
				E41F60171FE990FB00B767F6 /* Data Source */,
				E435F8441FE8AE9D00F19016 /* Protocols */,
				E498FB851FE99CFB00CAC047 /* Extensions */,
				E435F82D1FE8A61D00F19016 /* Main.storyboard */,
				E435F8321FE8A61D00F19016 /* LaunchScreen.storyboard */,
				E435F8301FE8A61D00F19016 /* Assets.xcassets */,
				E435F8351FE8A61D00F19016 /* Info.plist */,
			);
			path = FilmRollsMVVM;
			sourceTree = "<group>";
		};
		E435F83B1FE8A66C00F19016 /* Controllers */ = {
			isa = PBXGroup;
			children = (
				E435F82B1FE8A61D00F19016 /* FilmRollsTableViewController.swift */,
				E498FB831FE9932400CAC047 /* AddFilmRollController.swift */,
			);
			path = Controllers;
			sourceTree = "<group>";
		};
		E435F83C1FE8A67300F19016 /* Models */ = {
			isa = PBXGroup;
			children = (
				E435F83E1FE8A72A00F19016 /* FilmRoll.swift */,
			);
			path = Models;
			sourceTree = "<group>";
		};
		E435F83D1FE8A67900F19016 /* ViewModels */ = {
			isa = PBXGroup;
			children = (
				E435F8401FE8AC0D00F19016 /* FilmRollCellViewModel.swift */,
				E498FB901FEA104B00CAC047 /* AddFilmRollViewModel.swift */,
			);
			path = ViewModels;
			sourceTree = "<group>";
		};
		E435F8441FE8AE9D00F19016 /* Protocols */ = {
			isa = PBXGroup;
			children = (
				E435F8451FE8AEB200F19016 /* CellIdentifiable.swift */,
			);
			path = Protocols;
			sourceTree = "<group>";
		};
		E435F8471FE8AFA300F19016 /* Views */ = {
			isa = PBXGroup;
			children = (
				E435F8421FE8ADD200F19016 /* FilmRollCell.swift */,
			);
			path = Views;
			sourceTree = "<group>";
		};
		E498FB851FE99CFB00CAC047 /* Extensions */ = {
			isa = PBXGroup;
			children = (
				E498FB861FE99D1D00CAC047 /* Date+Extensions.swift */,
				E498FB921FEA176E00CAC047 /* UIViewController+Extensions.swift */,
			);
			path = Extensions;
			sourceTree = "<group>";
		};
/* End PBXGroup section */

/* Begin PBXNativeTarget section */
		E435F8251FE8A61D00F19016 /* FilmRollsMVVM */ = {
			isa = PBXNativeTarget;
			buildConfigurationList = E435F8381FE8A61D00F19016 /* Build configuration list for PBXNativeTarget "FilmRollsMVVM" */;
			buildPhases = (
				E0F20E1CBA2B7A88EDBF71C0 /* [CP] Check Pods Manifest.lock */,
				E435F8221FE8A61D00F19016 /* Sources */,
				E435F8231FE8A61D00F19016 /* Frameworks */,
				E435F8241FE8A61D00F19016 /* Resources */,
				277E99E73FAF5FF405BB793C /* [CP] Embed Pods Frameworks */,
				A70C824BABC7AF6292F9DDCD /* [CP] Copy Pods Resources */,
			);
			buildRules = (
			);
			dependencies = (
			);
			name = FilmRollsMVVM;
			productName = FilmRollsMVVM;
			productReference = E435F8261FE8A61D00F19016 /* FilmRollsMVVM.app */;
			productType = "com.apple.product-type.application";
		};
/* End PBXNativeTarget section */

/* Begin PBXProject section */
		E435F81E1FE8A61D00F19016 /* Project object */ = {
			isa = PBXProject;
			attributes = {
				LastSwiftUpdateCheck = 0920;
				LastUpgradeCheck = 0920;
				ORGANIZATIONNAME = "Dave Neff";
				TargetAttributes = {
					E435F8251FE8A61D00F19016 = {
						CreatedOnToolsVersion = 9.2;
						ProvisioningStyle = Automatic;
					};
				};
			};
			buildConfigurationList = E435F8211FE8A61D00F19016 /* Build configuration list for PBXProject "FilmRollsMVVM" */;
			compatibilityVersion = "Xcode 8.0";
			developmentRegion = en;
			hasScannedForEncodings = 0;
			knownRegions = (
				en,
				Base,
			);
			mainGroup = E435F81D1FE8A61D00F19016;
			productRefGroup = E435F8271FE8A61D00F19016 /* Products */;
			projectDirPath = "";
			projectRoot = "";
			targets = (
				E435F8251FE8A61D00F19016 /* FilmRollsMVVM */,
			);
		};
/* End PBXProject section */

/* Begin PBXResourcesBuildPhase section */
		E435F8241FE8A61D00F19016 /* Resources */ = {
			isa = PBXResourcesBuildPhase;
			buildActionMask = 2147483647;
			files = (
				E435F8341FE8A61D00F19016 /* LaunchScreen.storyboard in Resources */,
				E435F8311FE8A61D00F19016 /* Assets.xcassets in Resources */,
				E435F82F1FE8A61D00F19016 /* Main.storyboard in Resources */,
			);
			runOnlyForDeploymentPostprocessing = 0;
		};
/* End PBXResourcesBuildPhase section */

/* Begin PBXShellScriptBuildPhase section */
		277E99E73FAF5FF405BB793C /* [CP] Embed Pods Frameworks */ = {
			isa = PBXShellScriptBuildPhase;
			buildActionMask = 2147483647;
			files = (
			);
			inputPaths = (
				"${SRCROOT}/Pods/Target Support Files/Pods-FilmRollsMVVM/Pods-FilmRollsMVVM-frameworks.sh",
				"${BUILT_PRODUCTS_DIR}/Realm/Realm.framework",
				"${BUILT_PRODUCTS_DIR}/RealmSwift/RealmSwift.framework",
			);
			name = "[CP] Embed Pods Frameworks";
			outputPaths = (
				"${TARGET_BUILD_DIR}/${FRAMEWORKS_FOLDER_PATH}/Realm.framework",
				"${TARGET_BUILD_DIR}/${FRAMEWORKS_FOLDER_PATH}/RealmSwift.framework",
			);
			runOnlyForDeploymentPostprocessing = 0;
			shellPath = /bin/sh;
			shellScript = "\"${SRCROOT}/Pods/Target Support Files/Pods-FilmRollsMVVM/Pods-FilmRollsMVVM-frameworks.sh\"\n";
			showEnvVarsInLog = 0;
		};
		A70C824BABC7AF6292F9DDCD /* [CP] Copy Pods Resources */ = {
			isa = PBXShellScriptBuildPhase;
			buildActionMask = 2147483647;
			files = (
			);
			inputPaths = (
			);
			name = "[CP] Copy Pods Resources";
			outputPaths = (
			);
			runOnlyForDeploymentPostprocessing = 0;
			shellPath = /bin/sh;
			shellScript = "\"${SRCROOT}/Pods/Target Support Files/Pods-FilmRollsMVVM/Pods-FilmRollsMVVM-resources.sh\"\n";
			showEnvVarsInLog = 0;
		};
		E0F20E1CBA2B7A88EDBF71C0 /* [CP] Check Pods Manifest.lock */ = {
			isa = PBXShellScriptBuildPhase;
			buildActionMask = 2147483647;
			files = (
			);
			inputPaths = (
				"${PODS_PODFILE_DIR_PATH}/Podfile.lock",
				"${PODS_ROOT}/Manifest.lock",
			);
			name = "[CP] Check Pods Manifest.lock";
			outputPaths = (
				"$(DERIVED_FILE_DIR)/Pods-FilmRollsMVVM-checkManifestLockResult.txt",
			);
			runOnlyForDeploymentPostprocessing = 0;
			shellPath = /bin/sh;
			shellScript = "diff \"${PODS_PODFILE_DIR_PATH}/Podfile.lock\" \"${PODS_ROOT}/Manifest.lock\" > /dev/null\nif [ $? != 0 ] ; then\n    # print error to STDERR\n    echo \"error: The sandbox is not in sync with the Podfile.lock. Run 'pod install' or update your CocoaPods installation.\" >&2\n    exit 1\nfi\n# This output is used by Xcode 'outputs' to avoid re-running this script phase.\necho \"SUCCESS\" > \"${SCRIPT_OUTPUT_FILE_0}\"\n";
			showEnvVarsInLog = 0;
		};
/* End PBXShellScriptBuildPhase section */

/* Begin PBXSourcesBuildPhase section */
		E435F8221FE8A61D00F19016 /* Sources */ = {
			isa = PBXSourcesBuildPhase;
			buildActionMask = 2147483647;
			files = (
				E41F60161FE98E0C00B767F6 /* FilmRollsDataSource.swift in Sources */,
				E435F82C1FE8A61D00F19016 /* FilmRollsTableViewController.swift in Sources */,
				E498FB871FE99D1D00CAC047 /* Date+Extensions.swift in Sources */,
				E435F8461FE8AEB200F19016 /* CellIdentifiable.swift in Sources */,
				E435F8431FE8ADD200F19016 /* FilmRollCell.swift in Sources */,
				E498FB841FE9932400CAC047 /* AddFilmRollController.swift in Sources */,
				E498FB931FEA176E00CAC047 /* UIViewController+Extensions.swift in Sources */,
				E435F82A1FE8A61D00F19016 /* AppDelegate.swift in Sources */,
				E498FB911FEA104B00CAC047 /* AddFilmRollViewModel.swift in Sources */,
				E435F83F1FE8A72A00F19016 /* FilmRoll.swift in Sources */,
				E435F8411FE8AC0D00F19016 /* FilmRollCellViewModel.swift in Sources */,
			);
			runOnlyForDeploymentPostprocessing = 0;
		};
/* End PBXSourcesBuildPhase section */

/* Begin PBXVariantGroup section */
		E435F82D1FE8A61D00F19016 /* Main.storyboard */ = {
			isa = PBXVariantGroup;
			children = (
				E435F82E1FE8A61D00F19016 /* Base */,
			);
			name = Main.storyboard;
			sourceTree = "<group>";
		};
		E435F8321FE8A61D00F19016 /* LaunchScreen.storyboard */ = {
			isa = PBXVariantGroup;
			children = (
				E435F8331FE8A61D00F19016 /* Base */,
			);
			name = LaunchScreen.storyboard;
			sourceTree = "<group>";
		};
/* End PBXVariantGroup section */

/* Begin XCBuildConfiguration section */
		E435F8361FE8A61D00F19016 /* Debug */ = {
			isa = XCBuildConfiguration;
			buildSettings = {
				ALWAYS_SEARCH_USER_PATHS = NO;
				CLANG_ANALYZER_NONNULL = YES;
				CLANG_ANALYZER_NUMBER_OBJECT_CONVERSION = YES_AGGRESSIVE;
				CLANG_CXX_LANGUAGE_STANDARD = "gnu++14";
				CLANG_CXX_LIBRARY = "libc++";
				CLANG_ENABLE_MODULES = YES;
				CLANG_ENABLE_OBJC_ARC = YES;
				CLANG_WARN_BLOCK_CAPTURE_AUTORELEASING = YES;
				CLANG_WARN_BOOL_CONVERSION = YES;
				CLANG_WARN_COMMA = YES;
				CLANG_WARN_CONSTANT_CONVERSION = YES;
				CLANG_WARN_DIRECT_OBJC_ISA_USAGE = YES_ERROR;
				CLANG_WARN_DOCUMENTATION_COMMENTS = YES;
				CLANG_WARN_EMPTY_BODY = YES;
				CLANG_WARN_ENUM_CONVERSION = YES;
				CLANG_WARN_INFINITE_RECURSION = YES;
				CLANG_WARN_INT_CONVERSION = YES;
				CLANG_WARN_NON_LITERAL_NULL_CONVERSION = YES;
				CLANG_WARN_OBJC_LITERAL_CONVERSION = YES;
				CLANG_WARN_OBJC_ROOT_CLASS = YES_ERROR;
				CLANG_WARN_RANGE_LOOP_ANALYSIS = YES;
				CLANG_WARN_STRICT_PROTOTYPES = YES;
				CLANG_WARN_SUSPICIOUS_MOVE = YES;
				CLANG_WARN_UNGUARDED_AVAILABILITY = YES_AGGRESSIVE;
				CLANG_WARN_UNREACHABLE_CODE = YES;
				CLANG_WARN__DUPLICATE_METHOD_MATCH = YES;
				CODE_SIGN_IDENTITY = "iPhone Developer";
				COPY_PHASE_STRIP = NO;
				DEBUG_INFORMATION_FORMAT = dwarf;
				ENABLE_STRICT_OBJC_MSGSEND = YES;
				ENABLE_TESTABILITY = YES;
				GCC_C_LANGUAGE_STANDARD = gnu11;
				GCC_DYNAMIC_NO_PIC = NO;
				GCC_NO_COMMON_BLOCKS = YES;
				GCC_OPTIMIZATION_LEVEL = 0;
				GCC_PREPROCESSOR_DEFINITIONS = (
					"DEBUG=1",
					"$(inherited)",
				);
				GCC_WARN_64_TO_32_BIT_CONVERSION = YES;
				GCC_WARN_ABOUT_RETURN_TYPE = YES_ERROR;
				GCC_WARN_UNDECLARED_SELECTOR = YES;
				GCC_WARN_UNINITIALIZED_AUTOS = YES_AGGRESSIVE;
				GCC_WARN_UNUSED_FUNCTION = YES;
				GCC_WARN_UNUSED_VARIABLE = YES;
				IPHONEOS_DEPLOYMENT_TARGET = 11.2;
				MTL_ENABLE_DEBUG_INFO = YES;
				ONLY_ACTIVE_ARCH = YES;
				SDKROOT = iphoneos;
				SWIFT_ACTIVE_COMPILATION_CONDITIONS = DEBUG;
				SWIFT_OPTIMIZATION_LEVEL = "-Onone";
			};
			name = Debug;
		};
		E435F8371FE8A61D00F19016 /* Release */ = {
			isa = XCBuildConfiguration;
			buildSettings = {
				ALWAYS_SEARCH_USER_PATHS = NO;
				CLANG_ANALYZER_NONNULL = YES;
				CLANG_ANALYZER_NUMBER_OBJECT_CONVERSION = YES_AGGRESSIVE;
				CLANG_CXX_LANGUAGE_STANDARD = "gnu++14";
				CLANG_CXX_LIBRARY = "libc++";
				CLANG_ENABLE_MODULES = YES;
				CLANG_ENABLE_OBJC_ARC = YES;
				CLANG_WARN_BLOCK_CAPTURE_AUTORELEASING = YES;
				CLANG_WARN_BOOL_CONVERSION = YES;
				CLANG_WARN_COMMA = YES;
				CLANG_WARN_CONSTANT_CONVERSION = YES;
				CLANG_WARN_DIRECT_OBJC_ISA_USAGE = YES_ERROR;
				CLANG_WARN_DOCUMENTATION_COMMENTS = YES;
				CLANG_WARN_EMPTY_BODY = YES;
				CLANG_WARN_ENUM_CONVERSION = YES;
				CLANG_WARN_INFINITE_RECURSION = YES;
				CLANG_WARN_INT_CONVERSION = YES;
				CLANG_WARN_NON_LITERAL_NULL_CONVERSION = YES;
				CLANG_WARN_OBJC_LITERAL_CONVERSION = YES;
				CLANG_WARN_OBJC_ROOT_CLASS = YES_ERROR;
				CLANG_WARN_RANGE_LOOP_ANALYSIS = YES;
				CLANG_WARN_STRICT_PROTOTYPES = YES;
				CLANG_WARN_SUSPICIOUS_MOVE = YES;
				CLANG_WARN_UNGUARDED_AVAILABILITY = YES_AGGRESSIVE;
				CLANG_WARN_UNREACHABLE_CODE = YES;
				CLANG_WARN__DUPLICATE_METHOD_MATCH = YES;
				CODE_SIGN_IDENTITY = "iPhone Developer";
				COPY_PHASE_STRIP = NO;
				DEBUG_INFORMATION_FORMAT = "dwarf-with-dsym";
				ENABLE_NS_ASSERTIONS = NO;
				ENABLE_STRICT_OBJC_MSGSEND = YES;
				GCC_C_LANGUAGE_STANDARD = gnu11;
				GCC_NO_COMMON_BLOCKS = YES;
				GCC_WARN_64_TO_32_BIT_CONVERSION = YES;
				GCC_WARN_ABOUT_RETURN_TYPE = YES_ERROR;
				GCC_WARN_UNDECLARED_SELECTOR = YES;
				GCC_WARN_UNINITIALIZED_AUTOS = YES_AGGRESSIVE;
				GCC_WARN_UNUSED_FUNCTION = YES;
				GCC_WARN_UNUSED_VARIABLE = YES;
				IPHONEOS_DEPLOYMENT_TARGET = 11.2;
				MTL_ENABLE_DEBUG_INFO = NO;
				SDKROOT = iphoneos;
				SWIFT_OPTIMIZATION_LEVEL = "-Owholemodule";
				VALIDATE_PRODUCT = YES;
			};
			name = Release;
		};
		E435F8391FE8A61D00F19016 /* Debug */ = {
			isa = XCBuildConfiguration;
			baseConfigurationReference = 6D81044FE6A8BFE5307411FB /* Pods-FilmRollsMVVM.debug.xcconfig */;
			buildSettings = {
				ASSETCATALOG_COMPILER_APPICON_NAME = AppIcon;
				CODE_SIGN_STYLE = Automatic;
				DEVELOPMENT_TEAM = SCSKPSQKAB;
				INFOPLIST_FILE = FilmRollsMVVM/Info.plist;
				IPHONEOS_DEPLOYMENT_TARGET = 11.0;
				LD_RUNPATH_SEARCH_PATHS = "$(inherited) @executable_path/Frameworks";
				PRODUCT_BUNDLE_IDENTIFIER = daveneff.FilmRollsMVVM;
				PRODUCT_NAME = "$(TARGET_NAME)";
				SWIFT_VERSION = 4.0;
				TARGETED_DEVICE_FAMILY = "1,2";
			};
			name = Debug;
		};
		E435F83A1FE8A61D00F19016 /* Release */ = {
			isa = XCBuildConfiguration;
			baseConfigurationReference = 1E958774E7A7CF27F6B7532E /* Pods-FilmRollsMVVM.release.xcconfig */;
			buildSettings = {
				ASSETCATALOG_COMPILER_APPICON_NAME = AppIcon;
				CODE_SIGN_STYLE = Automatic;
				DEVELOPMENT_TEAM = SCSKPSQKAB;
				INFOPLIST_FILE = FilmRollsMVVM/Info.plist;
				IPHONEOS_DEPLOYMENT_TARGET = 11.0;
				LD_RUNPATH_SEARCH_PATHS = "$(inherited) @executable_path/Frameworks";
				PRODUCT_BUNDLE_IDENTIFIER = daveneff.FilmRollsMVVM;
				PRODUCT_NAME = "$(TARGET_NAME)";
				SWIFT_VERSION = 4.0;
				TARGETED_DEVICE_FAMILY = "1,2";
			};
			name = Release;
		};
/* End XCBuildConfiguration section */

/* Begin XCConfigurationList section */
		E435F8211FE8A61D00F19016 /* Build configuration list for PBXProject "FilmRollsMVVM" */ = {
			isa = XCConfigurationList;
			buildConfigurations = (
				E435F8361FE8A61D00F19016 /* Debug */,
				E435F8371FE8A61D00F19016 /* Release */,
			);
			defaultConfigurationIsVisible = 0;
			defaultConfigurationName = Release;
		};
		E435F8381FE8A61D00F19016 /* Build configuration list for PBXNativeTarget "FilmRollsMVVM" */ = {
			isa = XCConfigurationList;
			buildConfigurations = (
				E435F8391FE8A61D00F19016 /* Debug */,
				E435F83A1FE8A61D00F19016 /* Release */,
			);
			defaultConfigurationIsVisible = 0;
			defaultConfigurationName = Release;
		};
/* End XCConfigurationList section */
	};
	rootObject = E435F81E1FE8A61D00F19016 /* Project object */;
}
